
Microsoft Visual Studio Solution File, Format Version 12.00
# Visual Studio Version 16
VisualStudioVersion = 16.0.31205.134
MinimumVisualStudioVersion = 10.0.40219.1
Project("{2150E333-8FDC-42A3-9474-1A3956D46DE8}") = "Services", "Services", "{5A4371F1-3AC1-44EE-AA97-C45BFD177BFA}"
EndProject
Project("{2150E333-8FDC-42A3-9474-1A3956D46DE8}") = "Catalog", "Catalog", "{CE5BE700-2502-4912-9C95-BFCA513DCD66}"
EndProject
Project("{9A19103F-16F7-4668-BE54-9A1E7A4F7556}") = "Lms.Services.Catalog", "Services\Catalog\Lms.Services.Catalog\Lms.Services.Catalog.csproj", "{1D746C47-6EEA-4210-811A-1A8AAD0AFF4A}"
EndProject
Project("{2150E333-8FDC-42A3-9474-1A3956D46DE8}") = "Solution Items", "Solution Items", "{748140F3-2759-46A4-952E-945BA12E1385}"
	ProjectSection(SolutionItems) = preProject
		Ports.txt = Ports.txt
	EndProjectSection
EndProject
Project("{2150E333-8FDC-42A3-9474-1A3956D46DE8}") = "Shared", "Shared", "{F48B7B40-34F1-4C5C-9510-6502E4501ABD}"
EndProject
Project("{9A19103F-16F7-4668-BE54-9A1E7A4F7556}") = "Lms.Shared", "Shared\Lms.Shared\Lms.Shared.csproj", "{B327B8AE-D595-4490-8B4D-C9B3E352C92D}"
EndProject
Project("{2150E333-8FDC-42A3-9474-1A3956D46DE8}") = "IdentityServer", "IdentityServer", "{7A6DD7EF-E934-4155-B649-6F5BD6156548}"
EndProject
Project("{9A19103F-16F7-4668-BE54-9A1E7A4F7556}") = "Lms.IdentityServer", "IdentityServer\Lms.IdentityServer\Lms.IdentityServer.csproj", "{A41BFAD8-4A97-4035-9734-7E2ACA431F18}"
EndProject
Project("{2150E333-8FDC-42A3-9474-1A3956D46DE8}") = "PhotoStock", "PhotoStock", "{E5EF2490-0739-4DEF-9302-ABEF1284D6E1}"
EndProject
Project("{9A19103F-16F7-4668-BE54-9A1E7A4F7556}") = "Lms.Services.PhotoStock", "Services\PhotoStock\Lms.Services.PhotoStock\Lms.Services.PhotoStock.csproj", "{913713E2-9CCB-417C-B0B2-28450D567031}"
EndProject
Project("{2150E333-8FDC-42A3-9474-1A3956D46DE8}") = "Basket", "Basket", "{9669813B-53DD-43A8-ACD9-852E09C1BEA7}"
EndProject
Project("{9A19103F-16F7-4668-BE54-9A1E7A4F7556}") = "Lms.Services.Basket", "Services\Basket\Lms.Services.Basket\Lms.Services.Basket.csproj", "{944EABDF-7136-4ADA-BA32-CDA0B396C1ED}"
EndProject
Project("{2150E333-8FDC-42A3-9474-1A3956D46DE8}") = "Discount", "Discount", "{51346DA4-1DC9-465B-AE45-9A146A6BB5D8}"
EndProject
Project("{FAE04EC0-301F-11D3-BF4B-00C04F79EFBC}") = "Lms.Services.Discount", "Services\Discount\Lms.Services.Discount\Lms.Services.Discount.csproj", "{8A24AA27-5B0B-4BC5-A550-0E1723A764D2}"
EndProject
Global
	GlobalSection(SolutionConfigurationPlatforms) = preSolution
		Debug|Any CPU = Debug|Any CPU
		Release|Any CPU = Release|Any CPU
	EndGlobalSection
	GlobalSection(ProjectConfigurationPlatforms) = postSolution
		{1D746C47-6EEA-4210-811A-1A8AAD0AFF4A}.Debug|Any CPU.ActiveCfg = Debug|Any CPU
		{1D746C47-6EEA-4210-811A-1A8AAD0AFF4A}.Debug|Any CPU.Build.0 = Debug|Any CPU
		{1D746C47-6EEA-4210-811A-1A8AAD0AFF4A}.Release|Any CPU.ActiveCfg = Release|Any CPU
		{1D746C47-6EEA-4210-811A-1A8AAD0AFF4A}.Release|Any CPU.Build.0 = Release|Any CPU
		{B327B8AE-D595-4490-8B4D-C9B3E352C92D}.Debug|Any CPU.ActiveCfg = Debug|Any CPU
		{B327B8AE-D595-4490-8B4D-C9B3E352C92D}.Debug|Any CPU.Build.0 = Debug|Any CPU
		{B327B8AE-D595-4490-8B4D-C9B3E352C92D}.Release|Any CPU.ActiveCfg = Release|Any CPU
		{B327B8AE-D595-4490-8B4D-C9B3E352C92D}.Release|Any CPU.Build.0 = Release|Any CPU
		{A41BFAD8-4A97-4035-9734-7E2ACA431F18}.Debug|Any CPU.ActiveCfg = Debug|Any CPU
		{A41BFAD8-4A97-4035-9734-7E2ACA431F18}.Debug|Any CPU.Build.0 = Debug|Any CPU
		{A41BFAD8-4A97-4035-9734-7E2ACA431F18}.Release|Any CPU.ActiveCfg = Release|Any CPU
		{A41BFAD8-4A97-4035-9734-7E2ACA431F18}.Release|Any CPU.Build.0 = Release|Any CPU
		{913713E2-9CCB-417C-B0B2-28450D567031}.Debug|Any CPU.ActiveCfg = Debug|Any CPU
		{913713E2-9CCB-417C-B0B2-28450D567031}.Debug|Any CPU.Build.0 = Debug|Any CPU
		{913713E2-9CCB-417C-B0B2-28450D567031}.Release|Any CPU.ActiveCfg = Release|Any CPU
		{913713E2-9CCB-417C-B0B2-28450D567031}.Release|Any CPU.Build.0 = Release|Any CPU
		{944EABDF-7136-4ADA-BA32-CDA0B396C1ED}.Debug|Any CPU.ActiveCfg = Debug|Any CPU
		{944EABDF-7136-4ADA-BA32-CDA0B396C1ED}.Debug|Any CPU.Build.0 = Debug|Any CPU
		{944EABDF-7136-4ADA-BA32-CDA0B396C1ED}.Release|Any CPU.ActiveCfg = Release|Any CPU
		{944EABDF-7136-4ADA-BA32-CDA0B396C1ED}.Release|Any CPU.Build.0 = Release|Any CPU
		{8A24AA27-5B0B-4BC5-A550-0E1723A764D2}.Debug|Any CPU.ActiveCfg = Debug|Any CPU
		{8A24AA27-5B0B-4BC5-A550-0E1723A764D2}.Debug|Any CPU.Build.0 = Debug|Any CPU
		{8A24AA27-5B0B-4BC5-A550-0E1723A764D2}.Release|Any CPU.ActiveCfg = Release|Any CPU
		{8A24AA27-5B0B-4BC5-A550-0E1723A764D2}.Release|Any CPU.Build.0 = Release|Any CPU
	EndGlobalSection
	GlobalSection(SolutionProperties) = preSolution
		HideSolutionNode = FALSE
	EndGlobalSection
	GlobalSection(NestedProjects) = preSolution
		{CE5BE700-2502-4912-9C95-BFCA513DCD66} = {5A4371F1-3AC1-44EE-AA97-C45BFD177BFA}
		{1D746C47-6EEA-4210-811A-1A8AAD0AFF4A} = {CE5BE700-2502-4912-9C95-BFCA513DCD66}
		{B327B8AE-D595-4490-8B4D-C9B3E352C92D} = {F48B7B40-34F1-4C5C-9510-6502E4501ABD}
		{A41BFAD8-4A97-4035-9734-7E2ACA431F18} = {7A6DD7EF-E934-4155-B649-6F5BD6156548}
		{E5EF2490-0739-4DEF-9302-ABEF1284D6E1} = {5A4371F1-3AC1-44EE-AA97-C45BFD177BFA}
		{913713E2-9CCB-417C-B0B2-28450D567031} = {E5EF2490-0739-4DEF-9302-ABEF1284D6E1}
		{9669813B-53DD-43A8-ACD9-852E09C1BEA7} = {5A4371F1-3AC1-44EE-AA97-C45BFD177BFA}
		{944EABDF-7136-4ADA-BA32-CDA0B396C1ED} = {9669813B-53DD-43A8-ACD9-852E09C1BEA7}
		{51346DA4-1DC9-465B-AE45-9A146A6BB5D8} = {5A4371F1-3AC1-44EE-AA97-C45BFD177BFA}
		{8A24AA27-5B0B-4BC5-A550-0E1723A764D2} = {51346DA4-1DC9-465B-AE45-9A146A6BB5D8}
	EndGlobalSection
	GlobalSection(ExtensibilityGlobals) = postSolution
		SolutionGuid = {093C4C33-7651-45A8-929A-7380AEC71963}
	EndGlobalSection
EndGlobal
